
Microsoft Visual Studio Solution File, Format Version 12.00
# Visual Studio Version 17
VisualStudioVersion = 17.8.34309.116
MinimumVisualStudioVersion = 10.0.40219.1
Project("{FAE04EC0-301F-11D3-BF4B-00C04F79EFBC}") = "ISAD_QLTuyenDung", "ISAD_QLTuyenDung\ISAD_QLTuyenDung.csproj", "{64261889-A1CD-4E79-AFA9-2EF837A8BC49}"
EndProject
Global
	GlobalSection(SolutionConfigurationPlatforms) = preSolution
		Debug|Any CPU = Debug|Any CPU
		Release|Any CPU = Release|Any CPU
	EndGlobalSection
	GlobalSection(ProjectConfigurationPlatforms) = postSolution
		{64261889-A1CD-4E79-AFA9-2EF837A8BC49}.Debug|Any CPU.ActiveCfg = Debug|Any CPU
		{64261889-A1CD-4E79-AFA9-2EF837A8BC49}.Debug|Any CPU.Build.0 = Debug|Any CPU
		{64261889-A1CD-4E79-AFA9-2EF837A8BC49}.Release|Any CPU.ActiveCfg = Release|Any CPU
		{64261889-A1CD-4E79-AFA9-2EF837A8BC49}.Release|Any CPU.Build.0 = Release|Any CPU
	EndGlobalSection
	GlobalSection(SolutionProperties) = preSolution
		HideSolutionNode = FALSE
	EndGlobalSection
	GlobalSection(ExtensibilityGlobals) = postSolution
		SolutionGuid = {A7A1CFBA-489C-4B36-92AA-806E3D2ADD56}
	EndGlobalSection
EndGlobal
